# This file was autogenerated by Stack.
# You should not edit this file by hand.
# For more information, please see the documentation at:
#   https://docs.haskellstack.org/en/stable/lock_files

packages:
- completed:
    hackage: sandwich-0.1.1.1@sha256:2ff5784dfa23f9159c806fbb984f2aa9af6db4b1f2ba60e0f90bdc0d25352be0,8794
    pantry-tree:
      size: 5797
      sha256: 2733a5cce5e30f8dd72e3c37f1df6a34a2a4cca97f788e408c3147dd6de7afa6
  original:
    hackage: sandwich-0.1.1.1@sha256:2ff5784dfa23f9159c806fbb984f2aa9af6db4b1f2ba60e0f90bdc0d25352be0,8794
- completed:
    hackage: unliftio-0.2.22.0@sha256:2a3f0298a293c48eddd10c25cbbd6206b6e745cee2e648e48e16531a3ef21ce8,3314
    pantry-tree:
      size: 2423
      sha256: bac61d98c6852bb5f80eabb0a82369f3b2760b965f66fd52738b1e22b1362798
  original:
    hackage: unliftio-0.2.22.0@sha256:2a3f0298a293c48eddd10c25cbbd6206b6e745cee2e648e48e16531a3ef21ce8,3314
- completed:
    hackage: string-interpolate-0.3.1.2@sha256:4d0987f453c66040aa8e482fe28a7d3cdc9d8df01b698bc92f42a592cfb337db,4268
    pantry-tree:
      size: 1248
      sha256: 0e15f272a0c0e827aa05d99df5be21be76a6fd362c83c04bafd252b2ac4d8def
  original:
    hackage: string-interpolate-0.3.1.2@sha256:4d0987f453c66040aa8e482fe28a7d3cdc9d8df01b698bc92f42a592cfb337db,4268
- completed:
    hackage: stm-2.5.1.0@sha256:2728bfed3864c4bd77cb65ffa23be35c30124fd0054b9e103460a8986aac0ea0,2308
    pantry-tree:
      size: 1392
      sha256: 7aaec938904b73ce0ed2ee62a14205acd3534fd70ec7980a70a9f8506d0c8ddf
  original:
    hackage: stm-2.5.1.0@sha256:2728bfed3864c4bd77cb65ffa23be35c30124fd0054b9e103460a8986aac0ea0,2308
snapshots:
- completed:
    size: 509471
    url: https://raw.githubusercontent.com/commercialhaskell/stackage-snapshots/master/lts/12/26.yaml
    sha256: 95f014df58d0679b1c4a2b7bf2b652b61da8d30de5f571abb0d59015ef678646
  original: lts-12.26
