# This file was autogenerated by Stack.
# You should not edit this file by hand.
# For more information, please see the documentation at:
#   https://docs.haskellstack.org/en/stable/lock_files

packages:
- completed:
    hackage: hinotify-0.4.2@sha256:dc4c45544e1920864882ee1b332d78960cdb9f7b706983f6eab3c9dabda4fa9e,2725
    pantry-tree:
      sha256: bc8624c4084ff0b47292aa0b8d162286e0f9208a091bd0d40d311b407c4a2345
      size: 855
  original:
    hackage: hinotify-0.4.2
snapshots:
- completed:
    sha256: ab55278dcabc69ac5fbb72dcf67d3ad228598a75496350210f781a39345a2cd6
    size: 660071
    url: https://raw.githubusercontent.com/commercialhaskell/stackage-snapshots/master/nightly/2025/3/20.yaml
  original: nightly-2025-03-20
