# This file was autogenerated by Stack.
# You should not edit this file by hand.
# For more information, please see the documentation at:
#   https://docs.haskellstack.org/en/stable/topics/lock_files

packages: []
snapshots:
- completed:
    sha256: 6cf615cda51bd8539f310761b7bfa84770797d1a35f34f7e9a481b93479649f2
    size: 775948
    url: https://raw.githubusercontent.com/commercialhaskell/stackage-snapshots/master/nightly/2026/10/5.yaml
  original: nightly-2026-10-05
