# This file was autogenerated by Stack.
# You should not edit this file by hand.
# For more information, please see the documentation at:
#   https://docs.haskellstack.org/en/stable/lock_files

packages:
- completed:
    hackage: sandwich-0.1.1.1@sha256:2ff5784dfa23f9159c806fbb984f2aa9af6db4b1f2ba60e0f90bdc0d25352be0,8794
    pantry-tree:
      size: 5797
      sha256: 2733a5cce5e30f8dd72e3c37f1df6a34a2a4cca97f788e408c3147dd6de7afa6
  original:
    hackage: sandwich-0.1.1.1@sha256:2ff5784dfa23f9159c806fbb984f2aa9af6db4b1f2ba60e0f90bdc0d25352be0,8794
- completed:
    hackage: unliftio-0.2.22.0@sha256:2a3f0298a293c48eddd10c25cbbd6206b6e745cee2e648e48e16531a3ef21ce8,3314
    pantry-tree:
      size: 2423
      sha256: bac61d98c6852bb5f80eabb0a82369f3b2760b965f66fd52738b1e22b1362798
  original:
    hackage: unliftio-0.2.22.0@sha256:2a3f0298a293c48eddd10c25cbbd6206b6e745cee2e648e48e16531a3ef21ce8,3314
- completed:
    hackage: string-interpolate-0.3.1.2@sha256:4d0987f453c66040aa8e482fe28a7d3cdc9d8df01b698bc92f42a592cfb337db,4268
    pantry-tree:
      size: 1248
      sha256: 0e15f272a0c0e827aa05d99df5be21be76a6fd362c83c04bafd252b2ac4d8def
  original:
    hackage: string-interpolate-0.3.1.2@sha256:4d0987f453c66040aa8e482fe28a7d3cdc9d8df01b698bc92f42a592cfb337db,4268
- completed:
    hackage: brick-1.3@sha256:718f897874bb563c14ab17ff522de21fc73c5159e1b33768484e10e944ec9e8c,17826
    pantry-tree:
      size: 6686
      sha256: fe1ce4ed7cc5b55a9e9d5664cd220bd51b0b87f0fb4108b50b2bc3f07530719c
  original:
    hackage: brick-1.3@sha256:718f897874bb563c14ab17ff522de21fc73c5159e1b33768484e10e944ec9e8c,17826
snapshots:
- completed:
    size: 498155
    url: https://raw.githubusercontent.com/commercialhaskell/stackage-snapshots/master/lts/13/19.yaml
    sha256: b9367a80d4393d02e58a46b8a9fdfbd7bc19f59c0c2bbf90034ba15cf52cf213
  original: lts-13.19
