# This file was autogenerated by Stack.
# You should not edit this file by hand.
# For more information, please see the documentation at:
#   https://docs.haskellstack.org/en/stable/topics/lock_files

packages:
- completed:
    hackage: vty-windows-0.2.0.3@sha256:0c010b1086a725046a8bb08bb1e6bfdfdb3cfe1c72d6fa77c37306ef9ec774d8,2844
    pantry-tree:
      sha256: 958fd0386c589130177c841df63368ff191eb296f9ed2fd050de10e266c354eb
      size: 2160
  original:
    hackage: vty-windows-0.2.0.3@sha256:0c010b1086a725046a8bb08bb1e6bfdfdb3cfe1c72d6fa77c37306ef9ec774d8,2844
- completed:
    hackage: hfsevents-0.1.8@sha256:0a736ab01a1c26a6e081a857254e5a6aa5c84ff5ee84a24ea91a8a2b503cea45,901
    pantry-tree:
      sha256: 2f9ff8845959dc4632d588967d352388564b553099c7df3b56fb0ad573f916c4
      size: 438
  original:
    hackage: hfsevents-0.1.8@sha256:0a736ab01a1c26a6e081a857254e5a6aa5c84ff5ee84a24ea91a8a2b503cea45,901
snapshots:
- completed:
    sha256: 5a59b2a405b3aba3c00188453be172b85893cab8ebc352b1ef58b0eae5d248a2
    size: 650475
    url: https://raw.githubusercontent.com/commercialhaskell/stackage-snapshots/master/lts/20/26.yaml
  original: lts-20.26
