# This file was autogenerated by Stack.
# You should not edit this file by hand.
# For more information, please see the documentation at:
#   https://docs.haskellstack.org/en/stable/lock_files

packages:
- completed:
    hackage: sandwich-0.1.0.11@sha256:e8eb36e7e0c63e29e19b9ddaf9d315b7a93aff3d6f348b44d8d5218da0c28fb2,7430
    pantry-tree:
      size: 5671
      sha256: abe50c8a10609d42b10fdc506a0654c1cf56a7ba3b32921dd8c295f97b99efd2
  original:
    hackage: sandwich-0.1.0.11@sha256:e8eb36e7e0c63e29e19b9ddaf9d315b7a93aff3d6f348b44d8d5218da0c28fb2,7430
- completed:
    hackage: unliftio-0.2.22.0@sha256:2a3f0298a293c48eddd10c25cbbd6206b6e745cee2e648e48e16531a3ef21ce8,3314
    pantry-tree:
      size: 2423
      sha256: bac61d98c6852bb5f80eabb0a82369f3b2760b965f66fd52738b1e22b1362798
  original:
    hackage: unliftio-0.2.22.0@sha256:2a3f0298a293c48eddd10c25cbbd6206b6e745cee2e648e48e16531a3ef21ce8,3314
snapshots:
- completed:
    size: 491373
    url: https://raw.githubusercontent.com/commercialhaskell/stackage-snapshots/master/lts/15/3.yaml
    sha256: 29e9ff61b8bf4b4fcff55cde3ac106ebb971f0d21331dccac9eee63374fa6ca8
  original: lts-15.3
